github.com/timohahaa/ETU_term3_algorithms_and_data_structures/lds v0.0.0-20231127145951-f2e23b20b73f h1:2/nNiggPJo88OsOE0FLSi9cyy4b+z7XW35OdbQ3+uoY=
github.com/timohahaa/ETU_term3_algorithms_and_data_structures/lds v0.0.0-20231127145951-f2e23b20b73f/go.mod h1:SRbX7UNIeXmsgmVweVXEm2v/sbznfFTHTU6l9rTK4fk=
github.com/timohahaa/ETU_term3_algorithms_and_data_structures/timsort v0.0.0-20231127145951-f2e23b20b73f h1:BLDQCtcj1DgXqWsZ0hO8Fg6pkeEPrO7kpfrEqzAKCMI=
github.com/timohahaa/ETU_term3_algorithms_and_data_structures/timsort v0.0.0-20231127145951-f2e23b20b73f/go.mod h1:eP1kH8bm0I5cVEbIhmG3+X69T/MS4dTGn98J5ma4qIY=
