github.com/timohahaa/ETU_term3_algorithms_and_data_structures/lds v0.0.0-20231023191104-09e091b9f8ff h1:C9hCqMmcrLx+HRxJr1frHR4w5+WzDZFUGy/6ANWWRBk=
github.com/timohahaa/ETU_term3_algorithms_and_data_structures/lds v0.0.0-20231023191104-09e091b9f8ff/go.mod h1:SRbX7UNIeXmsgmVweVXEm2v/sbznfFTHTU6l9rTK4fk=
