github.com/timohahaa/ETU_term3_algorithms_and_data_structures/lds v0.0.0-20231001130026-6d68aa516b5d h1:0tkfRs6sPiNTuSuWyi9jeClyzDmulGxIXy1MAN1qhCU=
github.com/timohahaa/ETU_term3_algorithms_and_data_structures/lds v0.0.0-20231001130026-6d68aa516b5d/go.mod h1:SRbX7UNIeXmsgmVweVXEm2v/sbznfFTHTU6l9rTK4fk=
