github.com/timohahaa/ETU_term3_algorithms_and_data_structures/lds v0.0.0-20231127145455-4469e134df5f h1:w58arURJGTlpSoClKmmlq3ZSyAZJILaXXgkAhmBDF9k=
github.com/timohahaa/ETU_term3_algorithms_and_data_structures/lds v0.0.0-20231127145455-4469e134df5f/go.mod h1:SRbX7UNIeXmsgmVweVXEm2v/sbznfFTHTU6l9rTK4fk=
